# @generated - this file is auto-generated by `mise lock` https://mise.en.dev/dev-tools/mise-lock.html

[[tools.codeql]]
version = "2.25.5"
backend = "github:github/codeql-cli-binaries"

[tools.codeql.options]
asset_pattern = "codeql-linux64.zip"

[tools.codeql."platforms.linux-x64"]
checksum = "sha256:d82c55c82ad6f3e27a4bedcf190f23554a3c0c110e3680c6c2530ad163e6d87c"
url = "https://github.com/github/codeql-cli-binaries/releases/download/v2.25.5/codeql-linux64.zip"
url_api = "https://api.github.com/repos/github/codeql-cli-binaries/releases/assets/423423441"

[tools.codeql."platforms.linux-x64-musl"]
checksum = "sha256:d82c55c82ad6f3e27a4bedcf190f23554a3c0c110e3680c6c2530ad163e6d87c"
url = "https://github.com/github/codeql-cli-binaries/releases/download/v2.25.5/codeql-linux64.zip"
url_api = "https://api.github.com/repos/github/codeql-cli-binaries/releases/assets/423423441"

[[tools.codeql]]
version = "2.25.5"
backend = "github:github/codeql-cli-binaries"

[tools.codeql.options]
asset_pattern = "codeql-osx64.zip"

[tools.codeql."platforms.macos-arm64"]
checksum = "sha256:1b3f785a8c8746668c5575bf6ffab4ec46e9207519e8aab82babb2a21beaf538"
url = "https://github.com/github/codeql-cli-binaries/releases/download/v2.25.5/codeql-osx64.zip"
url_api = "https://api.github.com/repos/github/codeql-cli-binaries/releases/assets/423423442"

[tools.codeql."platforms.macos-x64"]
checksum = "sha256:1b3f785a8c8746668c5575bf6ffab4ec46e9207519e8aab82babb2a21beaf538"
url = "https://github.com/github/codeql-cli-binaries/releases/download/v2.25.5/codeql-osx64.zip"
url_api = "https://api.github.com/repos/github/codeql-cli-binaries/releases/assets/423423442"

[[tools.codeql]]
version = "2.25.5"
backend = "github:github/codeql-cli-binaries"

[tools.codeql.options]
asset_pattern = "codeql-win64.zip"

[tools.codeql."platforms.windows-x64"]
checksum = "sha256:db470e09a5f94e9d262f0e1a67af1ff1c72571d567898d3a44c4b09c581afc6e"
url = "https://github.com/github/codeql-cli-binaries/releases/download/v2.25.5/codeql-win64.zip"
url_api = "https://api.github.com/repos/github/codeql-cli-binaries/releases/assets/423423446"

[[tools.codeql]]
version = "2.25.5"
backend = "github:github/codeql-cli-binaries"

[tools.codeql."platforms.linux-arm64"]
checksum = "sha256:d82c55c82ad6f3e27a4bedcf190f23554a3c0c110e3680c6c2530ad163e6d87c"
url = "https://github.com/github/codeql-cli-binaries/releases/download/v2.25.5/codeql-linux64.zip"
url_api = "https://api.github.com/repos/github/codeql-cli-binaries/releases/assets/423423441"

[tools.codeql."platforms.linux-arm64-musl"]
checksum = "sha256:d82c55c82ad6f3e27a4bedcf190f23554a3c0c110e3680c6c2530ad163e6d87c"
url = "https://github.com/github/codeql-cli-binaries/releases/download/v2.25.5/codeql-linux64.zip"
url_api = "https://api.github.com/repos/github/codeql-cli-binaries/releases/assets/423423441"

[[tools.grype]]
version = "0.112.0"
backend = "aqua:anchore/grype"

[tools.grype."platforms.linux-arm64"]
checksum = "sha256:7fdeccf065965cc59386c656e5fcc1eb1bdf820e2433000bca7f010b8e6da155"
url = "https://github.com/anchore/grype/releases/download/v0.112.0/grype_0.112.0_linux_arm64.tar.gz"

[tools.grype."platforms.linux-arm64-musl"]
checksum = "sha256:7fdeccf065965cc59386c656e5fcc1eb1bdf820e2433000bca7f010b8e6da155"
url = "https://github.com/anchore/grype/releases/download/v0.112.0/grype_0.112.0_linux_arm64.tar.gz"

[tools.grype."platforms.linux-x64"]
checksum = "sha256:acb14a030010fe9bdb9594b4ae108d9d14ef2f926d936aa0916dc62c89c058ea"
url = "https://github.com/anchore/grype/releases/download/v0.112.0/grype_0.112.0_linux_amd64.tar.gz"

[tools.grype."platforms.linux-x64-musl"]
checksum = "sha256:acb14a030010fe9bdb9594b4ae108d9d14ef2f926d936aa0916dc62c89c058ea"
url = "https://github.com/anchore/grype/releases/download/v0.112.0/grype_0.112.0_linux_amd64.tar.gz"

[tools.grype."platforms.macos-arm64"]
checksum = "sha256:58c3c372e334c27e5bd5031cfb5ae85dbe5e782478d52fb5515ea413b6d47da4"
url = "https://github.com/anchore/grype/releases/download/v0.112.0/grype_0.112.0_darwin_arm64.tar.gz"

[tools.grype."platforms.macos-x64"]
checksum = "sha256:2fd7862e20ba43589b84919f05a5e6dd3a5b12d3860aed467bc4dc427926f6eb"
url = "https://github.com/anchore/grype/releases/download/v0.112.0/grype_0.112.0_darwin_amd64.tar.gz"

[tools.grype."platforms.windows-x64"]
checksum = "sha256:94ae49ced125fca7590fd35dfa96e36f68760cefff9a653c92fa8f6842777879"
url = "https://github.com/anchore/grype/releases/download/v0.112.0/grype_0.112.0_windows_amd64.zip"

[[tools.osv-scanner]]
version = "2.3.8"
backend = "aqua:google/osv-scanner"

[tools.osv-scanner."platforms.linux-arm64"]
checksum = "sha256:8158b18edd2d03b1a30d905ca91b032bc62262167be8f206c27114f08823e27c"
url = "https://github.com/google/osv-scanner/releases/download/v2.3.8/osv-scanner_linux_arm64"

[tools.osv-scanner."platforms.linux-arm64-musl"]
checksum = "sha256:8158b18edd2d03b1a30d905ca91b032bc62262167be8f206c27114f08823e27c"
url = "https://github.com/google/osv-scanner/releases/download/v2.3.8/osv-scanner_linux_arm64"

[tools.osv-scanner."platforms.linux-x64"]
checksum = "sha256:bc98e15319ed0d515e3f9235287ba53cdc5535d576d24fd573978ecfe9ab92dc"
url = "https://github.com/google/osv-scanner/releases/download/v2.3.8/osv-scanner_linux_amd64"

[tools.osv-scanner."platforms.linux-x64-musl"]
checksum = "sha256:bc98e15319ed0d515e3f9235287ba53cdc5535d576d24fd573978ecfe9ab92dc"
url = "https://github.com/google/osv-scanner/releases/download/v2.3.8/osv-scanner_linux_amd64"

[tools.osv-scanner."platforms.macos-arm64"]
checksum = "sha256:a8cd6507b06239f463a7642430cfd2d154882f150f6e30cdc0653e28dfc34216"
url = "https://github.com/google/osv-scanner/releases/download/v2.3.8/osv-scanner_darwin_arm64"

[tools.osv-scanner."platforms.macos-x64"]
checksum = "sha256:b8a80a9f14ca4c0cd0fc2d351b28f740da9e6a5b18385ac9f9d083360b5b504e"
url = "https://github.com/google/osv-scanner/releases/download/v2.3.8/osv-scanner_darwin_amd64"

[tools.osv-scanner."platforms.windows-x64"]
checksum = "sha256:cb04e79dd9698a7bc821bbfdddec916a416d1409fda79c927c509d37d00c9716"
url = "https://github.com/google/osv-scanner/releases/download/v2.3.8/osv-scanner_windows_amd64.exe"

[[tools.trivy]]
version = "0.71.0"
backend = "aqua:aquasecurity/trivy"

[tools.trivy."platforms.linux-arm64"]
checksum = "sha256:2561be394a3199c911f82fced606cbc05e1cb23eb6ce1da6935540adb76f4252"
url = "https://github.com/aquasecurity/trivy/releases/download/v0.71.0/trivy_0.71.0_Linux-ARM64.tar.gz"

[tools.trivy."platforms.linux-arm64-musl"]
checksum = "sha256:2561be394a3199c911f82fced606cbc05e1cb23eb6ce1da6935540adb76f4252"
url = "https://github.com/aquasecurity/trivy/releases/download/v0.71.0/trivy_0.71.0_Linux-ARM64.tar.gz"

[tools.trivy."platforms.linux-x64"]
checksum = "sha256:30a3d22b23f88c233f1658f562fb477cae3b3e8b4761109d515b7698daf85814"
url = "https://github.com/aquasecurity/trivy/releases/download/v0.71.0/trivy_0.71.0_Linux-64bit.tar.gz"

[tools.trivy."platforms.linux-x64-musl"]
checksum = "sha256:30a3d22b23f88c233f1658f562fb477cae3b3e8b4761109d515b7698daf85814"
url = "https://github.com/aquasecurity/trivy/releases/download/v0.71.0/trivy_0.71.0_Linux-64bit.tar.gz"

[tools.trivy."platforms.macos-arm64"]
checksum = "sha256:95d4e896b120816edd0995a2df8adca26a8621b7bf62036a89b1d54a7b718a74"
url = "https://github.com/aquasecurity/trivy/releases/download/v0.71.0/trivy_0.71.0_macOS-ARM64.tar.gz"

[tools.trivy."platforms.macos-x64"]
checksum = "sha256:4558afb13d017615ca85011901caab78b4f09196e320b05a56c9fdc5615a1428"
url = "https://github.com/aquasecurity/trivy/releases/download/v0.71.0/trivy_0.71.0_macOS-64bit.tar.gz"

[tools.trivy."platforms.windows-x64"]
checksum = "sha256:382250158fb9431ff9b87904205027b066a544234b8952b2dd764bd712d55387"
url = "https://github.com/aquasecurity/trivy/releases/download/v0.71.0/trivy_0.71.0_windows-64bit.zip"

[[tools.trunk]]
version = "1.3.4"
backend = "npm:@trunkio/launcher"
