# @generated - this file is auto-generated by `mise lock` https://mise.en.dev/dev-tools/mise-lock.html

[[tools.codeql]]
version = "2.25.4"
backend = "github:github/codeql-cli-binaries"

[tools.codeql."platforms.linux-arm64"]
checksum = "sha256:d585e31776327b97039427f04bd9ed322f8abb216e59b5ee7ad33076b3b28055"
url = "https://github.com/github/codeql-cli-binaries/releases/download/v2.25.4/codeql-linux64.zip"
url_api = "https://api.github.com/repos/github/codeql-cli-binaries/releases/assets/412594884"

[tools.codeql."platforms.linux-arm64-musl"]
checksum = "sha256:d585e31776327b97039427f04bd9ed322f8abb216e59b5ee7ad33076b3b28055"
url = "https://github.com/github/codeql-cli-binaries/releases/download/v2.25.4/codeql-linux64.zip"
url_api = "https://api.github.com/repos/github/codeql-cli-binaries/releases/assets/412594884"

[tools.codeql."platforms.linux-x64"]
checksum = "sha256:d585e31776327b97039427f04bd9ed322f8abb216e59b5ee7ad33076b3b28055"
url = "https://github.com/github/codeql-cli-binaries/releases/download/v2.25.4/codeql-linux64.zip"
url_api = "https://api.github.com/repos/github/codeql-cli-binaries/releases/assets/412594884"

[tools.codeql."platforms.linux-x64-musl"]
checksum = "sha256:d585e31776327b97039427f04bd9ed322f8abb216e59b5ee7ad33076b3b28055"
url = "https://github.com/github/codeql-cli-binaries/releases/download/v2.25.4/codeql-linux64.zip"
url_api = "https://api.github.com/repos/github/codeql-cli-binaries/releases/assets/412594884"

[tools.codeql."platforms.macos-arm64"]
checksum = "sha256:5a22bcb01b49fe5ad5546fdc5cac46963a0857e2f00d93e5eeeed46edd92614e"
url = "https://github.com/github/codeql-cli-binaries/releases/download/v2.25.4/codeql-osx64.zip"
url_api = "https://api.github.com/repos/github/codeql-cli-binaries/releases/assets/412594887"

[tools.codeql."platforms.macos-x64"]
checksum = "sha256:5a22bcb01b49fe5ad5546fdc5cac46963a0857e2f00d93e5eeeed46edd92614e"
url = "https://github.com/github/codeql-cli-binaries/releases/download/v2.25.4/codeql-osx64.zip"
url_api = "https://api.github.com/repos/github/codeql-cli-binaries/releases/assets/412594887"

[tools.codeql."platforms.windows-x64"]
checksum = "sha256:ef67924dcca5674d3326ee304c2fd4c97762c94eef9e0a96a807dcb45b8bbf3f"
url = "https://github.com/github/codeql-cli-binaries/releases/download/v2.25.4/codeql-win64.zip"
url_api = "https://api.github.com/repos/github/codeql-cli-binaries/releases/assets/412594886"

[[tools.grype]]
version = "0.112.0"
backend = "aqua:anchore/grype"

[tools.grype."platforms.linux-arm64"]
checksum = "sha256:7fdeccf065965cc59386c656e5fcc1eb1bdf820e2433000bca7f010b8e6da155"
url = "https://github.com/anchore/grype/releases/download/v0.112.0/grype_0.112.0_linux_arm64.tar.gz"

[tools.grype."platforms.linux-arm64-musl"]
checksum = "sha256:7fdeccf065965cc59386c656e5fcc1eb1bdf820e2433000bca7f010b8e6da155"
url = "https://github.com/anchore/grype/releases/download/v0.112.0/grype_0.112.0_linux_arm64.tar.gz"

[tools.grype."platforms.linux-x64"]
checksum = "sha256:acb14a030010fe9bdb9594b4ae108d9d14ef2f926d936aa0916dc62c89c058ea"
url = "https://github.com/anchore/grype/releases/download/v0.112.0/grype_0.112.0_linux_amd64.tar.gz"

[tools.grype."platforms.linux-x64-musl"]
checksum = "sha256:acb14a030010fe9bdb9594b4ae108d9d14ef2f926d936aa0916dc62c89c058ea"
url = "https://github.com/anchore/grype/releases/download/v0.112.0/grype_0.112.0_linux_amd64.tar.gz"

[tools.grype."platforms.macos-arm64"]
checksum = "sha256:58c3c372e334c27e5bd5031cfb5ae85dbe5e782478d52fb5515ea413b6d47da4"
url = "https://github.com/anchore/grype/releases/download/v0.112.0/grype_0.112.0_darwin_arm64.tar.gz"

[tools.grype."platforms.macos-x64"]
checksum = "sha256:2fd7862e20ba43589b84919f05a5e6dd3a5b12d3860aed467bc4dc427926f6eb"
url = "https://github.com/anchore/grype/releases/download/v0.112.0/grype_0.112.0_darwin_amd64.tar.gz"

[tools.grype."platforms.windows-x64"]
checksum = "sha256:94ae49ced125fca7590fd35dfa96e36f68760cefff9a653c92fa8f6842777879"
url = "https://github.com/anchore/grype/releases/download/v0.112.0/grype_0.112.0_windows_amd64.zip"

[[tools.osv-scanner]]
version = "2.3.8"
backend = "aqua:google/osv-scanner"

[tools.osv-scanner."platforms.linux-arm64"]
checksum = "sha256:8158b18edd2d03b1a30d905ca91b032bc62262167be8f206c27114f08823e27c"
url = "https://github.com/google/osv-scanner/releases/download/v2.3.8/osv-scanner_linux_arm64"

[tools.osv-scanner."platforms.linux-arm64-musl"]
checksum = "sha256:8158b18edd2d03b1a30d905ca91b032bc62262167be8f206c27114f08823e27c"
url = "https://github.com/google/osv-scanner/releases/download/v2.3.8/osv-scanner_linux_arm64"

[tools.osv-scanner."platforms.linux-x64"]
checksum = "sha256:bc98e15319ed0d515e3f9235287ba53cdc5535d576d24fd573978ecfe9ab92dc"
url = "https://github.com/google/osv-scanner/releases/download/v2.3.8/osv-scanner_linux_amd64"

[tools.osv-scanner."platforms.linux-x64-musl"]
checksum = "sha256:bc98e15319ed0d515e3f9235287ba53cdc5535d576d24fd573978ecfe9ab92dc"
url = "https://github.com/google/osv-scanner/releases/download/v2.3.8/osv-scanner_linux_amd64"

[tools.osv-scanner."platforms.macos-arm64"]
checksum = "sha256:a8cd6507b06239f463a7642430cfd2d154882f150f6e30cdc0653e28dfc34216"
url = "https://github.com/google/osv-scanner/releases/download/v2.3.8/osv-scanner_darwin_arm64"

[tools.osv-scanner."platforms.macos-x64"]
checksum = "sha256:b8a80a9f14ca4c0cd0fc2d351b28f740da9e6a5b18385ac9f9d083360b5b504e"
url = "https://github.com/google/osv-scanner/releases/download/v2.3.8/osv-scanner_darwin_amd64"

[tools.osv-scanner."platforms.windows-x64"]
checksum = "sha256:cb04e79dd9698a7bc821bbfdddec916a416d1409fda79c927c509d37d00c9716"
url = "https://github.com/google/osv-scanner/releases/download/v2.3.8/osv-scanner_windows_amd64.exe"

[[tools.trivy]]
version = "0.70.0"
backend = "aqua:aquasecurity/trivy"

[tools.trivy."platforms.linux-arm64"]
checksum = "sha256:2f6bb988b553a1bbac6bdd1ce890f5e412439564e17522b88a4541b4f364fc8d"
url = "https://github.com/aquasecurity/trivy/releases/download/v0.70.0/trivy_0.70.0_Linux-ARM64.tar.gz"

[tools.trivy."platforms.linux-arm64-musl"]
checksum = "sha256:2f6bb988b553a1bbac6bdd1ce890f5e412439564e17522b88a4541b4f364fc8d"
url = "https://github.com/aquasecurity/trivy/releases/download/v0.70.0/trivy_0.70.0_Linux-ARM64.tar.gz"

[tools.trivy."platforms.linux-x64"]
checksum = "sha256:8b4376d5d6befe5c24d503f10ff136d9e0c49f9127a4279fd110b727929a5aa9"
url = "https://github.com/aquasecurity/trivy/releases/download/v0.70.0/trivy_0.70.0_Linux-64bit.tar.gz"

[tools.trivy."platforms.linux-x64-musl"]
checksum = "sha256:8b4376d5d6befe5c24d503f10ff136d9e0c49f9127a4279fd110b727929a5aa9"
url = "https://github.com/aquasecurity/trivy/releases/download/v0.70.0/trivy_0.70.0_Linux-64bit.tar.gz"

[tools.trivy."platforms.macos-arm64"]
checksum = "sha256:68e543c51dcc96e1c344053a4fde9660cf602c25565d9f09dc17dd41e13b838a"
url = "https://github.com/aquasecurity/trivy/releases/download/v0.70.0/trivy_0.70.0_macOS-ARM64.tar.gz"

[tools.trivy."platforms.macos-x64"]
checksum = "sha256:52d531452b19e7593da29366007d02a810e1e0080d02f9cf6a1afb46c35aaa93"
url = "https://github.com/aquasecurity/trivy/releases/download/v0.70.0/trivy_0.70.0_macOS-64bit.tar.gz"

[tools.trivy."platforms.windows-x64"]
checksum = "sha256:eea5442eab86f9e26cd718d7618d43899e72a83767619e8bee47911bddbfb825"
url = "https://github.com/aquasecurity/trivy/releases/download/v0.70.0/trivy_0.70.0_windows-64bit.zip"

[[tools.trunk]]
version = "1.3.4"
backend = "npm:@trunkio/launcher"
